
Microsoft Visual Studio Solution File, Format Version 12.00
# Visual Studio Version 17
VisualStudioVersion = 17.4.33205.214
MinimumVisualStudioVersion = 10.0.40219.1
Project("{9A19103F-16F7-4668-BE54-9A1E7A4F7556}") = "REST_API_TEST2", "REST_API_TEST2\REST_API_TEST2.csproj", "{B49CA8E1-F8B4-4951-B004-3E03823EDAD9}"
EndProject
Project("{FAE04EC0-301F-11D3-BF4B-00C04F79EFBC}") = "Unit_test", "Unit_test\Unit_test.csproj", "{9ABEA68D-F928-4081-8BE8-E61A406DB1D1}"
EndProject
Global
	GlobalSection(SolutionConfigurationPlatforms) = preSolution
		Debug|Any CPU = Debug|Any CPU
		Release|Any CPU = Release|Any CPU
	EndGlobalSection
	GlobalSection(ProjectConfigurationPlatforms) = postSolution
		{B49CA8E1-F8B4-4951-B004-3E03823EDAD9}.Debug|Any CPU.ActiveCfg = Debug|Any CPU
		{B49CA8E1-F8B4-4951-B004-3E03823EDAD9}.Debug|Any CPU.Build.0 = Debug|Any CPU
		{B49CA8E1-F8B4-4951-B004-3E03823EDAD9}.Release|Any CPU.ActiveCfg = Release|Any CPU
		{B49CA8E1-F8B4-4951-B004-3E03823EDAD9}.Release|Any CPU.Build.0 = Release|Any CPU
		{9ABEA68D-F928-4081-8BE8-E61A406DB1D1}.Debug|Any CPU.ActiveCfg = Debug|Any CPU
		{9ABEA68D-F928-4081-8BE8-E61A406DB1D1}.Debug|Any CPU.Build.0 = Debug|Any CPU
		{9ABEA68D-F928-4081-8BE8-E61A406DB1D1}.Release|Any CPU.ActiveCfg = Release|Any CPU
		{9ABEA68D-F928-4081-8BE8-E61A406DB1D1}.Release|Any CPU.Build.0 = Release|Any CPU
	EndGlobalSection
	GlobalSection(SolutionProperties) = preSolution
		HideSolutionNode = FALSE
	EndGlobalSection
	GlobalSection(ExtensibilityGlobals) = postSolution
		SolutionGuid = {6BD3ACAA-5205-40A3-B65C-5B1B39A7AB6E}
	EndGlobalSection
EndGlobal
